// !$*UTF8*$!
{
	archiveVersion = 1;
	classes = {
	};
	objectVersion = 46;
	objects = {

/* Begin PBXBuildFile section */
		77A8A8691645793700AC8710 /* UIKit.framework in Frameworks */ = {isa = PBXBuildFile; fileRef = 77A8A8681645793700AC8710 /* UIKit.framework */; };
		77A8A86B1645793700AC8710 /* Foundation.framework in Frameworks */ = {isa = PBXBuildFile; fileRef = 77A8A86A1645793700AC8710 /* Foundation.framework */; };
		77A8A86D1645793700AC8710 /* CoreGraphics.framework in Frameworks */ = {isa = PBXBuildFile; fileRef = 77A8A86C1645793700AC8710 /* CoreGraphics.framework */; };
		77A8A8731645793700AC8710 /* InfoPlist.strings in Resources */ = {isa = PBXBuildFile; fileRef = 77A8A8711645793700AC8710 /* InfoPlist.strings */; };
		77A8A8751645793700AC8710 /* main.m in Sources */ = {isa = PBXBuildFile; fileRef = 77A8A8741645793700AC8710 /* main.m */; };
		77A8A8791645793700AC8710 /* AppDelegate.m in Sources */ = {isa = PBXBuildFile; fileRef = 77A8A8781645793700AC8710 /* AppDelegate.m */; };
		77A8A87B1645793700AC8710 /* Default.png in Resources */ = {isa = PBXBuildFile; fileRef = 77A8A87A1645793700AC8710 /* Default.png */; };
		77A8A87D1645793700AC8710 /* Default@2x.png in Resources */ = {isa = PBXBuildFile; fileRef = 77A8A87C1645793700AC8710 /* Default@2x.png */; };
		77A8A87F1645793700AC8710 /* Default-568h@2x.png in Resources */ = {isa = PBXBuildFile; fileRef = 77A8A87E1645793700AC8710 /* Default-568h@2x.png */; };
		77A8A88D16457B3600AC8710 /* Security.framework in Frameworks */ = {isa = PBXBuildFile; fileRef = 77A8A88916457B0500AC8710 /* Security.framework */; };
		77A8A88E16457B3800AC8710 /* QuartzCore.framework in Frameworks */ = {isa = PBXBuildFile; fileRef = 77A8A88B16457B0B00AC8710 /* QuartzCore.framework */; };
		77A8A8981645803600AC8710 /* RootViewController.m in Sources */ = {isa = PBXBuildFile; fileRef = 77A8A8971645803600AC8710 /* RootViewController.m */; };
		77A8A89A164581F000AC8710 /* ooo.png in Resources */ = {isa = PBXBuildFile; fileRef = 77A8A899164581F000AC8710 /* ooo.png */; };
		77A8A8B916461B0F00AC8710 /* BaseViewController.m in Sources */ = {isa = PBXBuildFile; fileRef = 77A8A8B816461B0F00AC8710 /* BaseViewController.m */; };
		77EE1DF216461D600007D62C /* FileListViewController.m in Sources */ = {isa = PBXBuildFile; fileRef = 77EE1DF116461D600007D62C /* FileListViewController.m */; };
		77EE1E3E1646B6E80007D62C /* CFNetwork.framework in Frameworks */ = {isa = PBXBuildFile; fileRef = 77EE1E3D1646B6E80007D62C /* CFNetwork.framework */; };
		77EE1E401646B6F00007D62C /* libz.dylib in Frameworks */ = {isa = PBXBuildFile; fileRef = 77EE1E3F1646B6F00007D62C /* libz.dylib */; };
		77EE1E421646B6F70007D62C /* MobileCoreServices.framework in Frameworks */ = {isa = PBXBuildFile; fileRef = 77EE1E411646B6F70007D62C /* MobileCoreServices.framework */; };
		77EE1E441646B6FE0007D62C /* SystemConfiguration.framework in Frameworks */ = {isa = PBXBuildFile; fileRef = 77EE1E431646B6FE0007D62C /* SystemConfiguration.framework */; };
		77EE1E971646C60F0007D62C /* FileView.m in Sources */ = {isa = PBXBuildFile; fileRef = 77EE1E941646C60F0007D62C /* FileView.m */; };
		77EE1E981646C60F0007D62C /* SmoothLineView.m in Sources */ = {isa = PBXBuildFile; fileRef = 77EE1E961646C60F0007D62C /* SmoothLineView.m */; settings = {COMPILER_FLAGS = "-fno-objc-arc"; }; };
		77EE1ECA1646CB180007D62C /* CloudMine.framework in Frameworks */ = {isa = PBXBuildFile; fileRef = 77EE1EC91646CB180007D62C /* CloudMine.framework */; };
		77EE1ED5164701970007D62C /* rung_logo_2.png in Resources */ = {isa = PBXBuildFile; fileRef = 77EE1ED4164701970007D62C /* rung_logo_2.png */; };
/* End PBXBuildFile section */

/* Begin PBXFileReference section */
		77A8A8641645793700AC8710 /* paperless.app */ = {isa = PBXFileReference; explicitFileType = wrapper.application; includeInIndex = 0; path = paperless.app; sourceTree = BUILT_PRODUCTS_DIR; };
		77A8A8681645793700AC8710 /* UIKit.framework */ = {isa = PBXFileReference; lastKnownFileType = wrapper.framework; name = UIKit.framework; path = System/Library/Frameworks/UIKit.framework; sourceTree = SDKROOT; };
		77A8A86A1645793700AC8710 /* Foundation.framework */ = {isa = PBXFileReference; lastKnownFileType = wrapper.framework; name = Foundation.framework; path = System/Library/Frameworks/Foundation.framework; sourceTree = SDKROOT; };
		77A8A86C1645793700AC8710 /* CoreGraphics.framework */ = {isa = PBXFileReference; lastKnownFileType = wrapper.framework; name = CoreGraphics.framework; path = System/Library/Frameworks/CoreGraphics.framework; sourceTree = SDKROOT; };
		77A8A8701645793700AC8710 /* paperless-Info.plist */ = {isa = PBXFileReference; lastKnownFileType = text.plist.xml; path = "paperless-Info.plist"; sourceTree = "<group>"; };
		77A8A8721645793700AC8710 /* en */ = {isa = PBXFileReference; lastKnownFileType = text.plist.strings; name = en; path = en.lproj/InfoPlist.strings; sourceTree = "<group>"; };
		77A8A8741645793700AC8710 /* main.m */ = {isa = PBXFileReference; lastKnownFileType = sourcecode.c.objc; path = main.m; sourceTree = "<group>"; };
		77A8A8761645793700AC8710 /* paperless-Prefix.pch */ = {isa = PBXFileReference; lastKnownFileType = sourcecode.c.h; path = "paperless-Prefix.pch"; sourceTree = "<group>"; };
		77A8A8771645793700AC8710 /* AppDelegate.h */ = {isa = PBXFileReference; lastKnownFileType = sourcecode.c.h; path = AppDelegate.h; sourceTree = "<group>"; };
		77A8A8781645793700AC8710 /* AppDelegate.m */ = {isa = PBXFileReference; lastKnownFileType = sourcecode.c.objc; path = AppDelegate.m; sourceTree = "<group>"; };
		77A8A87A1645793700AC8710 /* Default.png */ = {isa = PBXFileReference; lastKnownFileType = image.png; path = Default.png; sourceTree = "<group>"; };
		77A8A87C1645793700AC8710 /* Default@2x.png */ = {isa = PBXFileReference; lastKnownFileType = image.png; path = "Default@2x.png"; sourceTree = "<group>"; };
		77A8A87E1645793700AC8710 /* Default-568h@2x.png */ = {isa = PBXFileReference; lastKnownFileType = image.png; path = "Default-568h@2x.png"; sourceTree = "<group>"; };
		77A8A88916457B0500AC8710 /* Security.framework */ = {isa = PBXFileReference; lastKnownFileType = wrapper.framework; name = Security.framework; path = System/Library/Frameworks/Security.framework; sourceTree = SDKROOT; };
		77A8A88B16457B0B00AC8710 /* QuartzCore.framework */ = {isa = PBXFileReference; lastKnownFileType = wrapper.framework; name = QuartzCore.framework; path = System/Library/Frameworks/QuartzCore.framework; sourceTree = SDKROOT; };
		77A8A8961645803600AC8710 /* RootViewController.h */ = {isa = PBXFileReference; fileEncoding = 4; lastKnownFileType = sourcecode.c.h; path = RootViewController.h; sourceTree = "<group>"; };
		77A8A8971645803600AC8710 /* RootViewController.m */ = {isa = PBXFileReference; fileEncoding = 4; lastKnownFileType = sourcecode.c.objc; path = RootViewController.m; sourceTree = "<group>"; };
		77A8A899164581F000AC8710 /* ooo.png */ = {isa = PBXFileReference; lastKnownFileType = image.png; name = ooo.png; path = ../../ooo.png; sourceTree = "<group>"; };
		77A8A8B716461B0F00AC8710 /* BaseViewController.h */ = {isa = PBXFileReference; fileEncoding = 4; lastKnownFileType = sourcecode.c.h; path = BaseViewController.h; sourceTree = "<group>"; };
		77A8A8B816461B0F00AC8710 /* BaseViewController.m */ = {isa = PBXFileReference; fileEncoding = 4; lastKnownFileType = sourcecode.c.objc; path = BaseViewController.m; sourceTree = "<group>"; };
		77EE1DF016461D600007D62C /* FileListViewController.h */ = {isa = PBXFileReference; fileEncoding = 4; lastKnownFileType = sourcecode.c.h; path = FileListViewController.h; sourceTree = "<group>"; };
		77EE1DF116461D600007D62C /* FileListViewController.m */ = {isa = PBXFileReference; fileEncoding = 4; lastKnownFileType = sourcecode.c.objc; path = FileListViewController.m; sourceTree = "<group>"; };
		77EE1E3D1646B6E80007D62C /* CFNetwork.framework */ = {isa = PBXFileReference; lastKnownFileType = wrapper.framework; name = CFNetwork.framework; path = System/Library/Frameworks/CFNetwork.framework; sourceTree = SDKROOT; };
		77EE1E3F1646B6F00007D62C /* libz.dylib */ = {isa = PBXFileReference; lastKnownFileType = "compiled.mach-o.dylib"; name = libz.dylib; path = usr/lib/libz.dylib; sourceTree = SDKROOT; };
		77EE1E411646B6F70007D62C /* MobileCoreServices.framework */ = {isa = PBXFileReference; lastKnownFileType = wrapper.framework; name = MobileCoreServices.framework; path = System/Library/Frameworks/MobileCoreServices.framework; sourceTree = SDKROOT; };
		77EE1E431646B6FE0007D62C /* SystemConfiguration.framework */ = {isa = PBXFileReference; lastKnownFileType = wrapper.framework; name = SystemConfiguration.framework; path = System/Library/Frameworks/SystemConfiguration.framework; sourceTree = SDKROOT; };
		77EE1E931646C60F0007D62C /* FileView.h */ = {isa = PBXFileReference; fileEncoding = 4; lastKnownFileType = sourcecode.c.h; path = FileView.h; sourceTree = "<group>"; };
		77EE1E941646C60F0007D62C /* FileView.m */ = {isa = PBXFileReference; fileEncoding = 4; lastKnownFileType = sourcecode.c.objc; path = FileView.m; sourceTree = "<group>"; };
		77EE1E951646C60F0007D62C /* SmoothLineView.h */ = {isa = PBXFileReference; fileEncoding = 4; lastKnownFileType = sourcecode.c.h; path = SmoothLineView.h; sourceTree = "<group>"; };
		77EE1E961646C60F0007D62C /* SmoothLineView.m */ = {isa = PBXFileReference; fileEncoding = 4; lastKnownFileType = sourcecode.c.objc; path = SmoothLineView.m; sourceTree = "<group>"; };
		77EE1EC91646CB180007D62C /* CloudMine.framework */ = {isa = PBXFileReference; lastKnownFileType = wrapper.framework; path = CloudMine.framework; sourceTree = "<group>"; };
		77EE1ED4164701970007D62C /* rung_logo_2.png */ = {isa = PBXFileReference; lastKnownFileType = image.png; path = rung_logo_2.png; sourceTree = "<group>"; };
/* End PBXFileReference section */

/* Begin PBXFrameworksBuildPhase section */
		77A8A8611645793700AC8710 /* Frameworks */ = {
			isa = PBXFrameworksBuildPhase;
			buildActionMask = 2147483647;
			files = (
				77EE1E441646B6FE0007D62C /* SystemConfiguration.framework in Frameworks */,
				77EE1E421646B6F70007D62C /* MobileCoreServices.framework in Frameworks */,
				77EE1E401646B6F00007D62C /* libz.dylib in Frameworks */,
				77EE1E3E1646B6E80007D62C /* CFNetwork.framework in Frameworks */,
				77A8A88D16457B3600AC8710 /* Security.framework in Frameworks */,
				77A8A88E16457B3800AC8710 /* QuartzCore.framework in Frameworks */,
				77A8A8691645793700AC8710 /* UIKit.framework in Frameworks */,
				77A8A86B1645793700AC8710 /* Foundation.framework in Frameworks */,
				77A8A86D1645793700AC8710 /* CoreGraphics.framework in Frameworks */,
				77EE1ECA1646CB180007D62C /* CloudMine.framework in Frameworks */,
			);
			runOnlyForDeploymentPostprocessing = 0;
		};
/* End PBXFrameworksBuildPhase section */

/* Begin PBXGroup section */
		77A8A8591645793700AC8710 = {
			isa = PBXGroup;
			children = (
				77EE1E431646B6FE0007D62C /* SystemConfiguration.framework */,
				77EE1E411646B6F70007D62C /* MobileCoreServices.framework */,
				77EE1E3F1646B6F00007D62C /* libz.dylib */,
				77EE1E3D1646B6E80007D62C /* CFNetwork.framework */,
				77A8A86E1645793700AC8710 /* paperless */,
				77A8A8671645793700AC8710 /* Frameworks */,
				77A8A8651645793700AC8710 /* Products */,
				77A8A8861645799A00AC8710 /* Dependencies */,
			);
			sourceTree = "<group>";
		};
		77A8A8651645793700AC8710 /* Products */ = {
			isa = PBXGroup;
			children = (
				77A8A8641645793700AC8710 /* paperless.app */,
			);
			name = Products;
			sourceTree = "<group>";
		};
		77A8A8671645793700AC8710 /* Frameworks */ = {
			isa = PBXGroup;
			children = (
				77A8A88916457B0500AC8710 /* Security.framework */,
				77A8A88B16457B0B00AC8710 /* QuartzCore.framework */,
				77A8A8681645793700AC8710 /* UIKit.framework */,
				77A8A86A1645793700AC8710 /* Foundation.framework */,
				77A8A86C1645793700AC8710 /* CoreGraphics.framework */,
			);
			name = Frameworks;
			sourceTree = "<group>";
		};
		77A8A86E1645793700AC8710 /* paperless */ = {
			isa = PBXGroup;
			children = (
				77EE1ED3164701970007D62C /* Graphics */,
				77A8A8851645796E00AC8710 /* Classes */,
				77A8A8771645793700AC8710 /* AppDelegate.h */,
				77A8A8781645793700AC8710 /* AppDelegate.m */,
				77A8A86F1645793700AC8710 /* Supporting Files */,
			);
			path = paperless;
			sourceTree = "<group>";
		};
		77A8A86F1645793700AC8710 /* Supporting Files */ = {
			isa = PBXGroup;
			children = (
				77A8A8701645793700AC8710 /* paperless-Info.plist */,
				77A8A8711645793700AC8710 /* InfoPlist.strings */,
				77A8A8741645793700AC8710 /* main.m */,
				77A8A8761645793700AC8710 /* paperless-Prefix.pch */,
				77A8A87A1645793700AC8710 /* Default.png */,
				77A8A87C1645793700AC8710 /* Default@2x.png */,
				77A8A87E1645793700AC8710 /* Default-568h@2x.png */,
			);
			name = "Supporting Files";
			sourceTree = "<group>";
		};
		77A8A8851645796E00AC8710 /* Classes */ = {
			isa = PBXGroup;
			children = (
				77EE1E451646B7C50007D62C /* DataObjects */,
				77A8A88F16457C0A00AC8710 /* Annotation */,
				77A8A8B516461AFC00AC8710 /* MainUI */,
				77A8A8961645803600AC8710 /* RootViewController.h */,
				77A8A8971645803600AC8710 /* RootViewController.m */,
			);
			path = Classes;
			sourceTree = "<group>";
		};
		77A8A8861645799A00AC8710 /* Dependencies */ = {
			isa = PBXGroup;
			children = (
				77EE1E991646C8D00007D62C /* CloudMine */,
			);
			name = Dependencies;
			path = paperless/Dependencies;
			sourceTree = "<group>";
		};
		77A8A88F16457C0A00AC8710 /* Annotation */ = {
			isa = PBXGroup;
			children = (
				77EE1E931646C60F0007D62C /* FileView.h */,
				77EE1E941646C60F0007D62C /* FileView.m */,
				77EE1E951646C60F0007D62C /* SmoothLineView.h */,
				77EE1E961646C60F0007D62C /* SmoothLineView.m */,
			);
			path = Annotation;
			sourceTree = "<group>";
		};
		77A8A8B516461AFC00AC8710 /* MainUI */ = {
			isa = PBXGroup;
			children = (
				77A8A8B716461B0F00AC8710 /* BaseViewController.h */,
				77A8A8B816461B0F00AC8710 /* BaseViewController.m */,
				77EE1DF016461D600007D62C /* FileListViewController.h */,
				77EE1DF116461D600007D62C /* FileListViewController.m */,
			);
			path = MainUI;
			sourceTree = "<group>";
		};
		77EE1E451646B7C50007D62C /* DataObjects */ = {
			isa = PBXGroup;
			children = (
			);
			path = DataObjects;
			sourceTree = "<group>";
		};
		77EE1E991646C8D00007D62C /* CloudMine */ = {
			isa = PBXGroup;
			children = (
				77EE1EC91646CB180007D62C /* CloudMine.framework */,
			);
			name = CloudMine;
			sourceTree = "<group>";
		};
		77EE1ED3164701970007D62C /* Graphics */ = {
			isa = PBXGroup;
			children = (
				77A8A899164581F000AC8710 /* ooo.png */,
				77EE1ED4164701970007D62C /* rung_logo_2.png */,
			);
			path = Graphics;
			sourceTree = "<group>";
		};
/* End PBXGroup section */

/* Begin PBXNativeTarget section */
		77A8A8631645793700AC8710 /* paperless */ = {
			isa = PBXNativeTarget;
			buildConfigurationList = 77A8A8821645793700AC8710 /* Build configuration list for PBXNativeTarget "paperless" */;
			buildPhases = (
				77A8A8601645793700AC8710 /* Sources */,
				77A8A8611645793700AC8710 /* Frameworks */,
				77A8A8621645793700AC8710 /* Resources */,
			);
			buildRules = (
			);
			dependencies = (
			);
			name = paperless;
			productName = paperless;
			productReference = 77A8A8641645793700AC8710 /* paperless.app */;
			productType = "com.apple.product-type.application";
		};
/* End PBXNativeTarget section */

/* Begin PBXProject section */
		77A8A85B1645793700AC8710 /* Project object */ = {
			isa = PBXProject;
			attributes = {
				LastUpgradeCheck = 0450;
				ORGANIZATIONNAME = Skaffl;
			};
			buildConfigurationList = 77A8A85E1645793700AC8710 /* Build configuration list for PBXProject "paperless" */;
			compatibilityVersion = "Xcode 3.2";
			developmentRegion = English;
			hasScannedForEncodings = 0;
			knownRegions = (
				en,
			);
			mainGroup = 77A8A8591645793700AC8710;
			productRefGroup = 77A8A8651645793700AC8710 /* Products */;
			projectDirPath = "";
			projectRoot = "";
			targets = (
				77A8A8631645793700AC8710 /* paperless */,
			);
		};
/* End PBXProject section */

/* Begin PBXResourcesBuildPhase section */
		77A8A8621645793700AC8710 /* Resources */ = {
			isa = PBXResourcesBuildPhase;
			buildActionMask = 2147483647;
			files = (
				77A8A8731645793700AC8710 /* InfoPlist.strings in Resources */,
				77A8A87B1645793700AC8710 /* Default.png in Resources */,
				77A8A87D1645793700AC8710 /* Default@2x.png in Resources */,
				77A8A87F1645793700AC8710 /* Default-568h@2x.png in Resources */,
				77A8A89A164581F000AC8710 /* ooo.png in Resources */,
				77EE1ED5164701970007D62C /* rung_logo_2.png in Resources */,
			);
			runOnlyForDeploymentPostprocessing = 0;
		};
/* End PBXResourcesBuildPhase section */

/* Begin PBXSourcesBuildPhase section */
		77A8A8601645793700AC8710 /* Sources */ = {
			isa = PBXSourcesBuildPhase;
			buildActionMask = 2147483647;
			files = (
				77A8A8751645793700AC8710 /* main.m in Sources */,
				77A8A8791645793700AC8710 /* AppDelegate.m in Sources */,
				77A8A8981645803600AC8710 /* RootViewController.m in Sources */,
				77A8A8B916461B0F00AC8710 /* BaseViewController.m in Sources */,
				77EE1DF216461D600007D62C /* FileListViewController.m in Sources */,
				77EE1E971646C60F0007D62C /* FileView.m in Sources */,
				77EE1E981646C60F0007D62C /* SmoothLineView.m in Sources */,
			);
			runOnlyForDeploymentPostprocessing = 0;
		};
/* End PBXSourcesBuildPhase section */

/* Begin PBXVariantGroup section */
		77A8A8711645793700AC8710 /* InfoPlist.strings */ = {
			isa = PBXVariantGroup;
			children = (
				77A8A8721645793700AC8710 /* en */,
			);
			name = InfoPlist.strings;
			sourceTree = "<group>";
		};
/* End PBXVariantGroup section */

/* Begin XCBuildConfiguration section */
		77A8A8801645793700AC8710 /* Debug */ = {
			isa = XCBuildConfiguration;
			buildSettings = {
				ALWAYS_SEARCH_USER_PATHS = NO;
				CLANG_CXX_LANGUAGE_STANDARD = "gnu++0x";
				CLANG_CXX_LIBRARY = "libc++";
				CLANG_ENABLE_OBJC_ARC = YES;
				CLANG_WARN_EMPTY_BODY = YES;
				CLANG_WARN__DUPLICATE_METHOD_MATCH = YES;
				"CODE_SIGN_IDENTITY[sdk=iphoneos*]" = "iPhone Developer";
				COPY_PHASE_STRIP = NO;
				GCC_C_LANGUAGE_STANDARD = gnu99;
				GCC_DYNAMIC_NO_PIC = NO;
				GCC_OPTIMIZATION_LEVEL = 0;
				GCC_PREPROCESSOR_DEFINITIONS = (
					"DEBUG=1",
					"$(inherited)",
				);
				GCC_SYMBOLS_PRIVATE_EXTERN = NO;
				GCC_WARN_ABOUT_RETURN_TYPE = YES;
				GCC_WARN_UNINITIALIZED_AUTOS = YES;
				GCC_WARN_UNUSED_VARIABLE = YES;
				IPHONEOS_DEPLOYMENT_TARGET = 6.0;
				ONLY_ACTIVE_ARCH = YES;
				SDKROOT = iphoneos;
				TARGETED_DEVICE_FAMILY = 2;
			};
			name = Debug;
		};
		77A8A8811645793700AC8710 /* Release */ = {
			isa = XCBuildConfiguration;
			buildSettings = {
				ALWAYS_SEARCH_USER_PATHS = NO;
				CLANG_CXX_LANGUAGE_STANDARD = "gnu++0x";
				CLANG_CXX_LIBRARY = "libc++";
				CLANG_ENABLE_OBJC_ARC = YES;
				CLANG_WARN_EMPTY_BODY = YES;
				CLANG_WARN__DUPLICATE_METHOD_MATCH = YES;
				"CODE_SIGN_IDENTITY[sdk=iphoneos*]" = "iPhone Developer";
				COPY_PHASE_STRIP = YES;
				GCC_C_LANGUAGE_STANDARD = gnu99;
				GCC_WARN_ABOUT_RETURN_TYPE = YES;
				GCC_WARN_UNINITIALIZED_AUTOS = YES;
				GCC_WARN_UNUSED_VARIABLE = YES;
				IPHONEOS_DEPLOYMENT_TARGET = 6.0;
				OTHER_CFLAGS = "-DNS_BLOCK_ASSERTIONS=1";
				SDKROOT = iphoneos;
				TARGETED_DEVICE_FAMILY = 2;
				VALIDATE_PRODUCT = YES;
			};
			name = Release;
		};
		77A8A8831645793700AC8710 /* Debug */ = {
			isa = XCBuildConfiguration;
			buildSettings = {
				FRAMEWORK_SEARCH_PATHS = (
					"$(inherited)",
					"\"$(SRCROOT)/paperless/Dependencies\"",
				);
				GCC_PRECOMPILE_PREFIX_HEADER = YES;
				GCC_PREFIX_HEADER = "paperless/paperless-Prefix.pch";
				INFOPLIST_FILE = "paperless/paperless-Info.plist";
				OTHER_LDFLAGS = (
					"-all_load",
					"-ObjC",
				);
				PRODUCT_NAME = "$(TARGET_NAME)";
				WRAPPER_EXTENSION = app;
			};
			name = Debug;
		};
		77A8A8841645793700AC8710 /* Release */ = {
			isa = XCBuildConfiguration;
			buildSettings = {
				FRAMEWORK_SEARCH_PATHS = (
					"$(inherited)",
					"\"$(SRCROOT)/paperless/Dependencies\"",
				);
				GCC_PRECOMPILE_PREFIX_HEADER = YES;
				GCC_PREFIX_HEADER = "paperless/paperless-Prefix.pch";
				INFOPLIST_FILE = "paperless/paperless-Info.plist";
				OTHER_LDFLAGS = (
					"-all_load",
					"-ObjC",
				);
				PRODUCT_NAME = "$(TARGET_NAME)";
				WRAPPER_EXTENSION = app;
			};
			name = Release;
		};
/* End XCBuildConfiguration section */

/* Begin XCConfigurationList section */
		77A8A85E1645793700AC8710 /* Build configuration list for PBXProject "paperless" */ = {
			isa = XCConfigurationList;
			buildConfigurations = (
				77A8A8801645793700AC8710 /* Debug */,
				77A8A8811645793700AC8710 /* Release */,
			);
			defaultConfigurationIsVisible = 0;
			defaultConfigurationName = Release;
		};
		77A8A8821645793700AC8710 /* Build configuration list for PBXNativeTarget "paperless" */ = {
			isa = XCConfigurationList;
			buildConfigurations = (
				77A8A8831645793700AC8710 /* Debug */,
				77A8A8841645793700AC8710 /* Release */,
			);
			defaultConfigurationIsVisible = 0;
			defaultConfigurationName = Release;
		};
/* End XCConfigurationList section */
	};
	rootObject = 77A8A85B1645793700AC8710 /* Project object */;
}
